
Microsoft Visual Studio Solution File, Format Version 12.00
# Visual Studio Version 16
VisualStudioVersion = 16.0.30907.101
MinimumVisualStudioVersion = 10.0.40219.1
Project("{9A19103F-16F7-4668-BE54-9A1E7A4F7556}") = "additem", "additem\additem.csproj", "{5FA3C3E9-CBEF-4262-845E-E683011B7700}"
EndProject
Global
	GlobalSection(SolutionConfigurationPlatforms) = preSolution
		Debug|Any CPU = Debug|Any CPU
		Release|Any CPU = Release|Any CPU
	EndGlobalSection
	GlobalSection(ProjectConfigurationPlatforms) = postSolution
		{5FA3C3E9-CBEF-4262-845E-E683011B7700}.Debug|Any CPU.ActiveCfg = Debug|Any CPU
		{5FA3C3E9-CBEF-4262-845E-E683011B7700}.Debug|Any CPU.Build.0 = Debug|Any CPU
		{5FA3C3E9-CBEF-4262-845E-E683011B7700}.Release|Any CPU.ActiveCfg = Release|Any CPU
		{5FA3C3E9-CBEF-4262-845E-E683011B7700}.Release|Any CPU.Build.0 = Release|Any CPU
	EndGlobalSection
	GlobalSection(SolutionProperties) = preSolution
		HideSolutionNode = FALSE
	EndGlobalSection
	GlobalSection(ExtensibilityGlobals) = postSolution
		SolutionGuid = {92525E22-4624-4918-B22B-A3DB929B42DD}
	EndGlobalSection
EndGlobal
